
Microsoft Visual Studio Solution File, Format Version 12.00
# Visual Studio Version 17
VisualStudioVersion = 17.11.35222.181
MinimumVisualStudioVersion = 10.0.40219.1
Project("{FAE04EC0-301F-11D3-BF4B-00C04F79EFBC}") = "AiSystemLaba", "AiSystemLaba\AiSystemLaba.csproj", "{73E0CDC6-8E39-47E8-A216-E7BC928E58D0}"
EndProject
Global
	GlobalSection(SolutionConfigurationPlatforms) = preSolution
		Debug|Any CPU = Debug|Any CPU
		Release|Any CPU = Release|Any CPU
	EndGlobalSection
	GlobalSection(ProjectConfigurationPlatforms) = postSolution
		{73E0CDC6-8E39-47E8-A216-E7BC928E58D0}.Debug|Any CPU.ActiveCfg = Debug|Any CPU
		{73E0CDC6-8E39-47E8-A216-E7BC928E58D0}.Debug|Any CPU.Build.0 = Debug|Any CPU
		{73E0CDC6-8E39-47E8-A216-E7BC928E58D0}.Release|Any CPU.ActiveCfg = Release|Any CPU
		{73E0CDC6-8E39-47E8-A216-E7BC928E58D0}.Release|Any CPU.Build.0 = Release|Any CPU
	EndGlobalSection
	GlobalSection(SolutionProperties) = preSolution
		HideSolutionNode = FALSE
	EndGlobalSection
	GlobalSection(ExtensibilityGlobals) = postSolution
		SolutionGuid = {81395010-7339-486E-AE58-4A196483BB18}
	EndGlobalSection
EndGlobal
